
Microsoft Visual Studio Solution File, Format Version 11.00
# Visual Studio 2010
# SharpDevelop 4.4
Project("{FAE04EC0-301F-11D3-BF4B-00C04F79EFBC}") = "TestReflecsion", "TestReflecsion\TestReflecsion.csproj", "{F977AF77-2CF9-49C6-B883-C4D123C54F75}"
EndProject
Global
	GlobalSection(SolutionConfigurationPlatforms) = preSolution
		Debug|Any CPU = Debug|Any CPU
		Release|Any CPU = Release|Any CPU
	EndGlobalSection
	GlobalSection(ProjectConfigurationPlatforms) = postSolution
		{F977AF77-2CF9-49C6-B883-C4D123C54F75}.Debug|Any CPU.Build.0 = Debug|Any CPU
		{F977AF77-2CF9-49C6-B883-C4D123C54F75}.Debug|Any CPU.ActiveCfg = Debug|Any CPU
		{F977AF77-2CF9-49C6-B883-C4D123C54F75}.Release|Any CPU.Build.0 = Release|Any CPU
		{F977AF77-2CF9-49C6-B883-C4D123C54F75}.Release|Any CPU.ActiveCfg = Release|Any CPU
	EndGlobalSection
EndGlobal
